// !$*UTF8*$!
{
	archiveVersion = 1;
	classes = {
	};
	objectVersion = 46;
	objects = {

/* Begin PBXBuildFile section */
		6C60F4741CDA15D200A3F79B /* AppDelegate.swift in Sources */ = {isa = PBXBuildFile; fileRef = 6C60F4731CDA15D200A3F79B /* AppDelegate.swift */; };
		6C60F47D1CDA15D300A3F79B /* Main.storyboard in Resources */ = {isa = PBXBuildFile; fileRef = 6C60F47B1CDA15D300A3F79B /* Main.storyboard */; };
		6C60F4821CDA15D300A3F79B /* LaunchScreen.storyboard in Resources */ = {isa = PBXBuildFile; fileRef = 6C60F4801CDA15D300A3F79B /* LaunchScreen.storyboard */; };
		6C60F48A1CDA163300A3F79B /* GameScene.swift in Sources */ = {isa = PBXBuildFile; fileRef = 6C60F4891CDA163300A3F79B /* GameScene.swift */; };
		6C60F48C1CDA163900A3F79B /* EndGameScene.swift in Sources */ = {isa = PBXBuildFile; fileRef = 6C60F48B1CDA163900A3F79B /* EndGameScene.swift */; };
		6C60F48E1CDA164000A3F79B /* GameState.swift in Sources */ = {isa = PBXBuildFile; fileRef = 6C60F48D1CDA164000A3F79B /* GameState.swift */; };
		6C60F4901CDA164600A3F79B /* GameObjectNode.swift in Sources */ = {isa = PBXBuildFile; fileRef = 6C60F48F1CDA164600A3F79B /* GameObjectNode.swift */; };
		6C60F4921CDA164E00A3F79B /* GameViewController.swift in Sources */ = {isa = PBXBuildFile; fileRef = 6C60F4911CDA164E00A3F79B /* GameViewController.swift */; };
		6C60F4941CDA165500A3F79B /* Assets.xcassets in Resources */ = {isa = PBXBuildFile; fileRef = 6C60F4931CDA165500A3F79B /* Assets.xcassets */; };
		6C60F4961CDA165C00A3F79B /* StarPing.wav in Resources */ = {isa = PBXBuildFile; fileRef = 6C60F4951CDA165C00A3F79B /* StarPing.wav */; };
		6C60F4981CDA166200A3F79B /* Level01.plist in Resources */ = {isa = PBXBuildFile; fileRef = 6C60F4971CDA166200A3F79B /* Level01.plist */; };
		6C60F49D1CDA19F800A3F79B /* Fabric.framework in Frameworks */ = {isa = PBXBuildFile; fileRef = 6C60F49B1CDA19F800A3F79B /* Fabric.framework */; };
		6C60F49E1CDA19F800A3F79B /* GameAnalytics.framework in Frameworks */ = {isa = PBXBuildFile; fileRef = 6C60F49C1CDA19F800A3F79B /* GameAnalytics.framework */; };
		6C60F4AC1CDA3CD200A3F79B /* Contents.json in Resources */ = {isa = PBXBuildFile; fileRef = 6C60F4A01CDA3CD200A3F79B /* Contents.json */; };
		6C60F4AD1CDA3CD200A3F79B /* Icon-40.png in Resources */ = {isa = PBXBuildFile; fileRef = 6C60F4A11CDA3CD200A3F79B /* Icon-40.png */; };
		6C60F4AE1CDA3CD200A3F79B /* Icon-40@2x.png in Resources */ = {isa = PBXBuildFile; fileRef = 6C60F4A21CDA3CD200A3F79B /* Icon-40@2x.png */; };
		6C60F4AF1CDA3CD200A3F79B /* Icon-40@3x.png in Resources */ = {isa = PBXBuildFile; fileRef = 6C60F4A31CDA3CD200A3F79B /* Icon-40@3x.png */; };
		6C60F4B01CDA3CD200A3F79B /* Icon-60@2x.png in Resources */ = {isa = PBXBuildFile; fileRef = 6C60F4A41CDA3CD200A3F79B /* Icon-60@2x.png */; };
		6C60F4B11CDA3CD200A3F79B /* Icon-60@3x.png in Resources */ = {isa = PBXBuildFile; fileRef = 6C60F4A51CDA3CD200A3F79B /* Icon-60@3x.png */; };
		6C60F4B21CDA3CD200A3F79B /* Icon-76.png in Resources */ = {isa = PBXBuildFile; fileRef = 6C60F4A61CDA3CD200A3F79B /* Icon-76.png */; };
		6C60F4B31CDA3CD200A3F79B /* Icon-76@2x.png in Resources */ = {isa = PBXBuildFile; fileRef = 6C60F4A71CDA3CD200A3F79B /* Icon-76@2x.png */; };
		6C60F4B41CDA3CD200A3F79B /* Icon-83.5@2x.png in Resources */ = {isa = PBXBuildFile; fileRef = 6C60F4A81CDA3CD200A3F79B /* Icon-83.5@2x.png */; };
		6C60F4B51CDA3CD200A3F79B /* Icon-Small.png in Resources */ = {isa = PBXBuildFile; fileRef = 6C60F4A91CDA3CD200A3F79B /* Icon-Small.png */; };
		6C60F4B61CDA3CD200A3F79B /* Icon-Small@2x.png in Resources */ = {isa = PBXBuildFile; fileRef = 6C60F4AA1CDA3CD200A3F79B /* Icon-Small@2x.png */; };
		6C60F4B71CDA3CD200A3F79B /* Icon-Small@3x.png in Resources */ = {isa = PBXBuildFile; fileRef = 6C60F4AB1CDA3CD200A3F79B /* Icon-Small@3x.png */; };
/* End PBXBuildFile section */

/* Begin PBXFileReference section */
		6C60F4701CDA15D200A3F79B /* JumpPig.app */ = {isa = PBXFileReference; explicitFileType = wrapper.application; includeInIndex = 0; path = JumpPig.app; sourceTree = BUILT_PRODUCTS_DIR; };
		6C60F4731CDA15D200A3F79B /* AppDelegate.swift */ = {isa = PBXFileReference; lastKnownFileType = sourcecode.swift; path = AppDelegate.swift; sourceTree = "<group>"; };
		6C60F47C1CDA15D300A3F79B /* Base */ = {isa = PBXFileReference; lastKnownFileType = file.storyboard; name = Base; path = Base.lproj/Main.storyboard; sourceTree = "<group>"; };
		6C60F4811CDA15D300A3F79B /* Base */ = {isa = PBXFileReference; lastKnownFileType = file.storyboard; name = Base; path = Base.lproj/LaunchScreen.storyboard; sourceTree = "<group>"; };
		6C60F4831CDA15D300A3F79B /* Info.plist */ = {isa = PBXFileReference; lastKnownFileType = text.plist.xml; path = Info.plist; sourceTree = "<group>"; };
		6C60F4891CDA163300A3F79B /* GameScene.swift */ = {isa = PBXFileReference; fileEncoding = 4; lastKnownFileType = sourcecode.swift; path = GameScene.swift; sourceTree = "<group>"; };
		6C60F48B1CDA163900A3F79B /* EndGameScene.swift */ = {isa = PBXFileReference; fileEncoding = 4; lastKnownFileType = sourcecode.swift; path = EndGameScene.swift; sourceTree = "<group>"; };
		6C60F48D1CDA164000A3F79B /* GameState.swift */ = {isa = PBXFileReference; fileEncoding = 4; lastKnownFileType = sourcecode.swift; path = GameState.swift; sourceTree = "<group>"; };
		6C60F48F1CDA164600A3F79B /* GameObjectNode.swift */ = {isa = PBXFileReference; fileEncoding = 4; lastKnownFileType = sourcecode.swift; path = GameObjectNode.swift; sourceTree = "<group>"; };
		6C60F4911CDA164E00A3F79B /* GameViewController.swift */ = {isa = PBXFileReference; fileEncoding = 4; lastKnownFileType = sourcecode.swift; path = GameViewController.swift; sourceTree = "<group>"; };
		6C60F4931CDA165500A3F79B /* Assets.xcassets */ = {isa = PBXFileReference; lastKnownFileType = folder.assetcatalog; path = Assets.xcassets; sourceTree = "<group>"; };
		6C60F4951CDA165C00A3F79B /* StarPing.wav */ = {isa = PBXFileReference; lastKnownFileType = audio.wav; path = StarPing.wav; sourceTree = "<group>"; };
		6C60F4971CDA166200A3F79B /* Level01.plist */ = {isa = PBXFileReference; fileEncoding = 4; lastKnownFileType = text.plist.xml; path = Level01.plist; sourceTree = "<group>"; };
		6C60F49B1CDA19F800A3F79B /* Fabric.framework */ = {isa = PBXFileReference; lastKnownFileType = wrapper.framework; name = Fabric.framework; path = ../Fabric.framework; sourceTree = "<group>"; };
		6C60F49C1CDA19F800A3F79B /* GameAnalytics.framework */ = {isa = PBXFileReference; lastKnownFileType = wrapper.framework; name = GameAnalytics.framework; path = ../GameAnalytics.framework; sourceTree = "<group>"; };
		6C60F4A01CDA3CD200A3F79B /* Contents.json */ = {isa = PBXFileReference; fileEncoding = 4; lastKnownFileType = text.json; path = Contents.json; sourceTree = "<group>"; };
		6C60F4A11CDA3CD200A3F79B /* Icon-40.png */ = {isa = PBXFileReference; lastKnownFileType = image.png; path = "Icon-40.png"; sourceTree = "<group>"; };
		6C60F4A21CDA3CD200A3F79B /* Icon-40@2x.png */ = {isa = PBXFileReference; lastKnownFileType = image.png; path = "Icon-40@2x.png"; sourceTree = "<group>"; };
		6C60F4A31CDA3CD200A3F79B /* Icon-40@3x.png */ = {isa = PBXFileReference; lastKnownFileType = image.png; path = "Icon-40@3x.png"; sourceTree = "<group>"; };
		6C60F4A41CDA3CD200A3F79B /* Icon-60@2x.png */ = {isa = PBXFileReference; lastKnownFileType = image.png; path = "Icon-60@2x.png"; sourceTree = "<group>"; };
		6C60F4A51CDA3CD200A3F79B /* Icon-60@3x.png */ = {isa = PBXFileReference; lastKnownFileType = image.png; path = "Icon-60@3x.png"; sourceTree = "<group>"; };
		6C60F4A61CDA3CD200A3F79B /* Icon-76.png */ = {isa = PBXFileReference; lastKnownFileType = image.png; path = "Icon-76.png"; sourceTree = "<group>"; };
		6C60F4A71CDA3CD200A3F79B /* Icon-76@2x.png */ = {isa = PBXFileReference; lastKnownFileType = image.png; path = "Icon-76@2x.png"; sourceTree = "<group>"; };
		6C60F4A81CDA3CD200A3F79B /* Icon-83.5@2x.png */ = {isa = PBXFileReference; lastKnownFileType = image.png; path = "Icon-83.5@2x.png"; sourceTree = "<group>"; };
		6C60F4A91CDA3CD200A3F79B /* Icon-Small.png */ = {isa = PBXFileReference; lastKnownFileType = image.png; path = "Icon-Small.png"; sourceTree = "<group>"; };
		6C60F4AA1CDA3CD200A3F79B /* Icon-Small@2x.png */ = {isa = PBXFileReference; lastKnownFileType = image.png; path = "Icon-Small@2x.png"; sourceTree = "<group>"; };
		6C60F4AB1CDA3CD200A3F79B /* Icon-Small@3x.png */ = {isa = PBXFileReference; lastKnownFileType = image.png; path = "Icon-Small@3x.png"; sourceTree = "<group>"; };
/* End PBXFileReference section */

/* Begin PBXFrameworksBuildPhase section */
		6C60F46D1CDA15D200A3F79B /* Frameworks */ = {
			isa = PBXFrameworksBuildPhase;
			buildActionMask = 2147483647;
			files = (
				6C60F49D1CDA19F800A3F79B /* Fabric.framework in Frameworks */,
				6C60F49E1CDA19F800A3F79B /* GameAnalytics.framework in Frameworks */,
			);
			runOnlyForDeploymentPostprocessing = 0;
		};
/* End PBXFrameworksBuildPhase section */

/* Begin PBXGroup section */
		6C60F4671CDA15D200A3F79B = {
			isa = PBXGroup;
			children = (
				6C60F4721CDA15D200A3F79B /* JumpPig */,
				6C60F4711CDA15D200A3F79B /* Products */,
			);
			sourceTree = "<group>";
		};
		6C60F4711CDA15D200A3F79B /* Products */ = {
			isa = PBXGroup;
			children = (
				6C60F4701CDA15D200A3F79B /* JumpPig.app */,
			);
			name = Products;
			sourceTree = "<group>";
		};
		6C60F4721CDA15D200A3F79B /* JumpPig */ = {
			isa = PBXGroup;
			children = (
				6C60F49B1CDA19F800A3F79B /* Fabric.framework */,
				6C60F49C1CDA19F800A3F79B /* GameAnalytics.framework */,
				6C60F4731CDA15D200A3F79B /* AppDelegate.swift */,
				6C60F4891CDA163300A3F79B /* GameScene.swift */,
				6C60F48B1CDA163900A3F79B /* EndGameScene.swift */,
				6C60F48D1CDA164000A3F79B /* GameState.swift */,
				6C60F48F1CDA164600A3F79B /* GameObjectNode.swift */,
				6C60F4911CDA164E00A3F79B /* GameViewController.swift */,
				6C60F47B1CDA15D300A3F79B /* Main.storyboard */,
				6C60F4931CDA165500A3F79B /* Assets.xcassets */,
				6C60F49F1CDA3CD200A3F79B /* AppIcon.appiconset */,
				6C60F4951CDA165C00A3F79B /* StarPing.wav */,
				6C60F4971CDA166200A3F79B /* Level01.plist */,
				6C60F4801CDA15D300A3F79B /* LaunchScreen.storyboard */,
				6C60F4831CDA15D300A3F79B /* Info.plist */,
			);
			path = JumpPig;
			sourceTree = "<group>";
		};
		6C60F49F1CDA3CD200A3F79B /* AppIcon.appiconset */ = {
			isa = PBXGroup;
			children = (
				6C60F4A01CDA3CD200A3F79B /* Contents.json */,
				6C60F4A11CDA3CD200A3F79B /* Icon-40.png */,
				6C60F4A21CDA3CD200A3F79B /* Icon-40@2x.png */,
				6C60F4A31CDA3CD200A3F79B /* Icon-40@3x.png */,
				6C60F4A41CDA3CD200A3F79B /* Icon-60@2x.png */,
				6C60F4A51CDA3CD200A3F79B /* Icon-60@3x.png */,
				6C60F4A61CDA3CD200A3F79B /* Icon-76.png */,
				6C60F4A71CDA3CD200A3F79B /* Icon-76@2x.png */,
				6C60F4A81CDA3CD200A3F79B /* Icon-83.5@2x.png */,
				6C60F4A91CDA3CD200A3F79B /* Icon-Small.png */,
				6C60F4AA1CDA3CD200A3F79B /* Icon-Small@2x.png */,
				6C60F4AB1CDA3CD200A3F79B /* Icon-Small@3x.png */,
			);
			path = AppIcon.appiconset;
			sourceTree = "<group>";
		};
/* End PBXGroup section */

/* Begin PBXNativeTarget section */
		6C60F46F1CDA15D200A3F79B /* JumpPig */ = {
			isa = PBXNativeTarget;
			buildConfigurationList = 6C60F4861CDA15D300A3F79B /* Build configuration list for PBXNativeTarget "JumpPig" */;
			buildPhases = (
				6C60F46C1CDA15D200A3F79B /* Sources */,
				6C60F46D1CDA15D200A3F79B /* Frameworks */,
				6C60F46E1CDA15D200A3F79B /* Resources */,
				6C60F4991CDA19B400A3F79B /* ShellScript */,
			);
			buildRules = (
			);
			dependencies = (
			);
			name = JumpPig;
			productName = JumpPig;
			productReference = 6C60F4701CDA15D200A3F79B /* JumpPig.app */;
			productType = "com.apple.product-type.application";
		};
/* End PBXNativeTarget section */

/* Begin PBXProject section */
		6C60F4681CDA15D200A3F79B /* Project object */ = {
			isa = PBXProject;
			attributes = {
				LastSwiftUpdateCheck = 0730;
				LastUpgradeCheck = 0730;
				ORGANIZATIONNAME = "Oluwaseyi Williams";
				TargetAttributes = {
					6C60F46F1CDA15D200A3F79B = {
						CreatedOnToolsVersion = 7.3;
						DevelopmentTeam = FHY97C3349;
					};
				};
			};
			buildConfigurationList = 6C60F46B1CDA15D200A3F79B /* Build configuration list for PBXProject "JumpPig" */;
			compatibilityVersion = "Xcode 3.2";
			developmentRegion = English;
			hasScannedForEncodings = 0;
			knownRegions = (
				en,
				Base,
			);
			mainGroup = 6C60F4671CDA15D200A3F79B;
			productRefGroup = 6C60F4711CDA15D200A3F79B /* Products */;
			projectDirPath = "";
			projectRoot = "";
			targets = (
				6C60F46F1CDA15D200A3F79B /* JumpPig */,
			);
		};
/* End PBXProject section */

/* Begin PBXResourcesBuildPhase section */
		6C60F46E1CDA15D200A3F79B /* Resources */ = {
			isa = PBXResourcesBuildPhase;
			buildActionMask = 2147483647;
			files = (
				6C60F4961CDA165C00A3F79B /* StarPing.wav in Resources */,
				6C60F4B01CDA3CD200A3F79B /* Icon-60@2x.png in Resources */,
				6C60F4821CDA15D300A3F79B /* LaunchScreen.storyboard in Resources */,
				6C60F4B31CDA3CD200A3F79B /* Icon-76@2x.png in Resources */,
				6C60F4941CDA165500A3F79B /* Assets.xcassets in Resources */,
				6C60F4B41CDA3CD200A3F79B /* Icon-83.5@2x.png in Resources */,
				6C60F4AD1CDA3CD200A3F79B /* Icon-40.png in Resources */,
				6C60F4B21CDA3CD200A3F79B /* Icon-76.png in Resources */,
				6C60F4B51CDA3CD200A3F79B /* Icon-Small.png in Resources */,
				6C60F4B71CDA3CD200A3F79B /* Icon-Small@3x.png in Resources */,
				6C60F4AF1CDA3CD200A3F79B /* Icon-40@3x.png in Resources */,
				6C60F47D1CDA15D300A3F79B /* Main.storyboard in Resources */,
				6C60F4AE1CDA3CD200A3F79B /* Icon-40@2x.png in Resources */,
				6C60F4981CDA166200A3F79B /* Level01.plist in Resources */,
				6C60F4B61CDA3CD200A3F79B /* Icon-Small@2x.png in Resources */,
				6C60F4AC1CDA3CD200A3F79B /* Contents.json in Resources */,
				6C60F4B11CDA3CD200A3F79B /* Icon-60@3x.png in Resources */,
			);
			runOnlyForDeploymentPostprocessing = 0;
		};
/* End PBXResourcesBuildPhase section */

/* Begin PBXShellScriptBuildPhase section */
		6C60F4991CDA19B400A3F79B /* ShellScript */ = {
			isa = PBXShellScriptBuildPhase;
			buildActionMask = 2147483647;
			files = (
			);
			inputPaths = (
			);
			outputPaths = (
			);
			runOnlyForDeploymentPostprocessing = 0;
			shellPath = /bin/sh;
			shellScript = "./Fabric.framework/run 6b0e950d8d434a54a5638ac811f6b52eef61093a b23fac93abdc39d234f47d5cc9e176e88698ea3fe60d09e40817d41ffbb34eef";
		};
/* End PBXShellScriptBuildPhase section */

/* Begin PBXSourcesBuildPhase section */
		6C60F46C1CDA15D200A3F79B /* Sources */ = {
			isa = PBXSourcesBuildPhase;
			buildActionMask = 2147483647;
			files = (
				6C60F4901CDA164600A3F79B /* GameObjectNode.swift in Sources */,
				6C60F48A1CDA163300A3F79B /* GameScene.swift in Sources */,
				6C60F48E1CDA164000A3F79B /* GameState.swift in Sources */,
				6C60F48C1CDA163900A3F79B /* EndGameScene.swift in Sources */,
				6C60F4921CDA164E00A3F79B /* GameViewController.swift in Sources */,
				6C60F4741CDA15D200A3F79B /* AppDelegate.swift in Sources */,
			);
			runOnlyForDeploymentPostprocessing = 0;
		};
/* End PBXSourcesBuildPhase section */

/* Begin PBXVariantGroup section */
		6C60F47B1CDA15D300A3F79B /* Main.storyboard */ = {
			isa = PBXVariantGroup;
			children = (
				6C60F47C1CDA15D300A3F79B /* Base */,
			);
			name = Main.storyboard;
			sourceTree = "<group>";
		};
		6C60F4801CDA15D300A3F79B /* LaunchScreen.storyboard */ = {
			isa = PBXVariantGroup;
			children = (
				6C60F4811CDA15D300A3F79B /* Base */,
			);
			name = LaunchScreen.storyboard;
			sourceTree = "<group>";
		};
/* End PBXVariantGroup section */

/* Begin XCBuildConfiguration section */
		6C60F4841CDA15D300A3F79B /* Debug */ = {
			isa = XCBuildConfiguration;
			buildSettings = {
				ALWAYS_SEARCH_USER_PATHS = NO;
				CLANG_ANALYZER_NONNULL = YES;
				CLANG_CXX_LANGUAGE_STANDARD = "gnu++0x";
				CLANG_CXX_LIBRARY = "libc++";
				CLANG_ENABLE_MODULES = YES;
				CLANG_ENABLE_OBJC_ARC = YES;
				CLANG_WARN_BOOL_CONVERSION = YES;
				CLANG_WARN_CONSTANT_CONVERSION = YES;
				CLANG_WARN_DIRECT_OBJC_ISA_USAGE = YES_ERROR;
				CLANG_WARN_EMPTY_BODY = YES;
				CLANG_WARN_ENUM_CONVERSION = YES;
				CLANG_WARN_INT_CONVERSION = YES;
				CLANG_WARN_OBJC_ROOT_CLASS = YES_ERROR;
				CLANG_WARN_UNREACHABLE_CODE = YES;
				CLANG_WARN__DUPLICATE_METHOD_MATCH = YES;
				"CODE_SIGN_IDENTITY[sdk=iphoneos*]" = "iPhone Developer";
				COPY_PHASE_STRIP = NO;
				DEBUG_INFORMATION_FORMAT = "dwarf-with-dsym";
				ENABLE_STRICT_OBJC_MSGSEND = YES;
				ENABLE_TESTABILITY = YES;
				GCC_C_LANGUAGE_STANDARD = gnu99;
				GCC_DYNAMIC_NO_PIC = NO;
				GCC_NO_COMMON_BLOCKS = YES;
				GCC_OPTIMIZATION_LEVEL = 0;
				GCC_PREPROCESSOR_DEFINITIONS = (
					"DEBUG=1",
					"$(inherited)",
				);
				GCC_WARN_64_TO_32_BIT_CONVERSION = YES;
				GCC_WARN_ABOUT_RETURN_TYPE = YES_ERROR;
				GCC_WARN_UNDECLARED_SELECTOR = YES;
				GCC_WARN_UNINITIALIZED_AUTOS = YES_AGGRESSIVE;
				GCC_WARN_UNUSED_FUNCTION = YES;
				GCC_WARN_UNUSED_VARIABLE = YES;
				IPHONEOS_DEPLOYMENT_TARGET = 9.3;
				MTL_ENABLE_DEBUG_INFO = YES;
				ONLY_ACTIVE_ARCH = YES;
				SDKROOT = iphoneos;
				SWIFT_OPTIMIZATION_LEVEL = "-Onone";
			};
			name = Debug;
		};
		6C60F4851CDA15D300A3F79B /* Release */ = {
			isa = XCBuildConfiguration;
			buildSettings = {
				ALWAYS_SEARCH_USER_PATHS = NO;
				CLANG_ANALYZER_NONNULL = YES;
				CLANG_CXX_LANGUAGE_STANDARD = "gnu++0x";
				CLANG_CXX_LIBRARY = "libc++";
				CLANG_ENABLE_MODULES = YES;
				CLANG_ENABLE_OBJC_ARC = YES;
				CLANG_WARN_BOOL_CONVERSION = YES;
				CLANG_WARN_CONSTANT_CONVERSION = YES;
				CLANG_WARN_DIRECT_OBJC_ISA_USAGE = YES_ERROR;
				CLANG_WARN_EMPTY_BODY = YES;
				CLANG_WARN_ENUM_CONVERSION = YES;
				CLANG_WARN_INT_CONVERSION = YES;
				CLANG_WARN_OBJC_ROOT_CLASS = YES_ERROR;
				CLANG_WARN_UNREACHABLE_CODE = YES;
				CLANG_WARN__DUPLICATE_METHOD_MATCH = YES;
				"CODE_SIGN_IDENTITY[sdk=iphoneos*]" = "iPhone Developer";
				COPY_PHASE_STRIP = NO;
				DEBUG_INFORMATION_FORMAT = "dwarf-with-dsym";
				ENABLE_NS_ASSERTIONS = NO;
				ENABLE_STRICT_OBJC_MSGSEND = YES;
				GCC_C_LANGUAGE_STANDARD = gnu99;
				GCC_NO_COMMON_BLOCKS = YES;
				GCC_WARN_64_TO_32_BIT_CONVERSION = YES;
				GCC_WARN_ABOUT_RETURN_TYPE = YES_ERROR;
				GCC_WARN_UNDECLARED_SELECTOR = YES;
				GCC_WARN_UNINITIALIZED_AUTOS = YES_AGGRESSIVE;
				GCC_WARN_UNUSED_FUNCTION = YES;
				GCC_WARN_UNUSED_VARIABLE = YES;
				IPHONEOS_DEPLOYMENT_TARGET = 9.3;
				MTL_ENABLE_DEBUG_INFO = NO;
				SDKROOT = iphoneos;
				VALIDATE_PRODUCT = YES;
			};
			name = Release;
		};
		6C60F4871CDA15D300A3F79B /* Debug */ = {
			isa = XCBuildConfiguration;
			buildSettings = {
				ASSETCATALOG_COMPILER_APPICON_NAME = AppIcon;
				FRAMEWORK_SEARCH_PATHS = (
					"$(inherited)",
					"$(PROJECT_DIR)",
				);
				INFOPLIST_FILE = JumpPig/Info.plist;
				LD_RUNPATH_SEARCH_PATHS = "$(inherited) @executable_path/Frameworks";
				PRODUCT_BUNDLE_IDENTIFIER = "com.Oluwaseyi-Williams.JumpPig";
				PRODUCT_NAME = "$(TARGET_NAME)";
			};
			name = Debug;
		};
		6C60F4881CDA15D300A3F79B /* Release */ = {
			isa = XCBuildConfiguration;
			buildSettings = {
				ASSETCATALOG_COMPILER_APPICON_NAME = AppIcon;
				FRAMEWORK_SEARCH_PATHS = (
					"$(inherited)",
					"$(PROJECT_DIR)",
				);
				INFOPLIST_FILE = JumpPig/Info.plist;
				LD_RUNPATH_SEARCH_PATHS = "$(inherited) @executable_path/Frameworks";
				PRODUCT_BUNDLE_IDENTIFIER = "com.Oluwaseyi-Williams.JumpPig";
				PRODUCT_NAME = "$(TARGET_NAME)";
			};
			name = Release;
		};
/* End XCBuildConfiguration section */

/* Begin XCConfigurationList section */
		6C60F46B1CDA15D200A3F79B /* Build configuration list for PBXProject "JumpPig" */ = {
			isa = XCConfigurationList;
			buildConfigurations = (
				6C60F4841CDA15D300A3F79B /* Debug */,
				6C60F4851CDA15D300A3F79B /* Release */,
			);
			defaultConfigurationIsVisible = 0;
			defaultConfigurationName = Release;
		};
		6C60F4861CDA15D300A3F79B /* Build configuration list for PBXNativeTarget "JumpPig" */ = {
			isa = XCConfigurationList;
			buildConfigurations = (
				6C60F4871CDA15D300A3F79B /* Debug */,
				6C60F4881CDA15D300A3F79B /* Release */,
			);
			defaultConfigurationIsVisible = 0;
		};
/* End XCConfigurationList section */
	};
	rootObject = 6C60F4681CDA15D200A3F79B /* Project object */;
}
