// !$*UTF8*$!
{
	archiveVersion = 1;
	classes = {
	};
	objectVersion = 46;
	objects = {

/* Begin PBXBuildFile section */
		6C60F4741CDA15D200A3F79B /* AppDelegate.swift in Sources */ = {isa = PBXBuildFile; fileRef = 6C60F4731CDA15D200A3F79B /* AppDelegate.swift */; };
		6C60F4761CDA15D200A3F79B /* GameScene.sks in Resources */ = {isa = PBXBuildFile; fileRef = 6C60F4751CDA15D200A3F79B /* GameScene.sks */; };
		6C60F4781CDA15D200A3F79B /* GameScene.swift in Sources */ = {isa = PBXBuildFile; fileRef = 6C60F4771CDA15D200A3F79B /* GameScene.swift */; };
		6C60F47A1CDA15D200A3F79B /* GameViewController.swift in Sources */ = {isa = PBXBuildFile; fileRef = 6C60F4791CDA15D200A3F79B /* GameViewController.swift */; };
		6C60F47D1CDA15D300A3F79B /* Main.storyboard in Resources */ = {isa = PBXBuildFile; fileRef = 6C60F47B1CDA15D300A3F79B /* Main.storyboard */; };
		6C60F47F1CDA15D300A3F79B /* Assets.xcassets in Resources */ = {isa = PBXBuildFile; fileRef = 6C60F47E1CDA15D300A3F79B /* Assets.xcassets */; };
		6C60F4821CDA15D300A3F79B /* LaunchScreen.storyboard in Resources */ = {isa = PBXBuildFile; fileRef = 6C60F4801CDA15D300A3F79B /* LaunchScreen.storyboard */; };
/* End PBXBuildFile section */

/* Begin PBXFileReference section */
		6C60F4701CDA15D200A3F79B /* JumpPig.app */ = {isa = PBXFileReference; explicitFileType = wrapper.application; includeInIndex = 0; path = JumpPig.app; sourceTree = BUILT_PRODUCTS_DIR; };
		6C60F4731CDA15D200A3F79B /* AppDelegate.swift */ = {isa = PBXFileReference; lastKnownFileType = sourcecode.swift; path = AppDelegate.swift; sourceTree = "<group>"; };
		6C60F4751CDA15D200A3F79B /* GameScene.sks */ = {isa = PBXFileReference; lastKnownFileType = file.sks; path = GameScene.sks; sourceTree = "<group>"; };
		6C60F4771CDA15D200A3F79B /* GameScene.swift */ = {isa = PBXFileReference; lastKnownFileType = sourcecode.swift; path = GameScene.swift; sourceTree = "<group>"; };
		6C60F4791CDA15D200A3F79B /* GameViewController.swift */ = {isa = PBXFileReference; lastKnownFileType = sourcecode.swift; path = GameViewController.swift; sourceTree = "<group>"; };
		6C60F47C1CDA15D300A3F79B /* Base */ = {isa = PBXFileReference; lastKnownFileType = file.storyboard; name = Base; path = Base.lproj/Main.storyboard; sourceTree = "<group>"; };
		6C60F47E1CDA15D300A3F79B /* Assets.xcassets */ = {isa = PBXFileReference; lastKnownFileType = folder.assetcatalog; path = Assets.xcassets; sourceTree = "<group>"; };
		6C60F4811CDA15D300A3F79B /* Base */ = {isa = PBXFileReference; lastKnownFileType = file.storyboard; name = Base; path = Base.lproj/LaunchScreen.storyboard; sourceTree = "<group>"; };
		6C60F4831CDA15D300A3F79B /* Info.plist */ = {isa = PBXFileReference; lastKnownFileType = text.plist.xml; path = Info.plist; sourceTree = "<group>"; };
/* End PBXFileReference section */

/* Begin PBXFrameworksBuildPhase section */
		6C60F46D1CDA15D200A3F79B /* Frameworks */ = {
			isa = PBXFrameworksBuildPhase;
			buildActionMask = 2147483647;
			files = (
			);
			runOnlyForDeploymentPostprocessing = 0;
		};
/* End PBXFrameworksBuildPhase section */

/* Begin PBXGroup section */
		6C60F4671CDA15D200A3F79B = {
			isa = PBXGroup;
			children = (
				6C60F4721CDA15D200A3F79B /* JumpPig */,
				6C60F4711CDA15D200A3F79B /* Products */,
			);
			sourceTree = "<group>";
		};
		6C60F4711CDA15D200A3F79B /* Products */ = {
			isa = PBXGroup;
			children = (
				6C60F4701CDA15D200A3F79B /* JumpPig.app */,
			);
			name = Products;
			sourceTree = "<group>";
		};
		6C60F4721CDA15D200A3F79B /* JumpPig */ = {
			isa = PBXGroup;
			children = (
				6C60F4731CDA15D200A3F79B /* AppDelegate.swift */,
				6C60F4751CDA15D200A3F79B /* GameScene.sks */,
				6C60F4771CDA15D200A3F79B /* GameScene.swift */,
				6C60F4791CDA15D200A3F79B /* GameViewController.swift */,
				6C60F47B1CDA15D300A3F79B /* Main.storyboard */,
				6C60F47E1CDA15D300A3F79B /* Assets.xcassets */,
				6C60F4801CDA15D300A3F79B /* LaunchScreen.storyboard */,
				6C60F4831CDA15D300A3F79B /* Info.plist */,
			);
			path = JumpPig;
			sourceTree = "<group>";
		};
/* End PBXGroup section */

/* Begin PBXNativeTarget section */
		6C60F46F1CDA15D200A3F79B /* JumpPig */ = {
			isa = PBXNativeTarget;
			buildConfigurationList = 6C60F4861CDA15D300A3F79B /* Build configuration list for PBXNativeTarget "JumpPig" */;
			buildPhases = (
				6C60F46C1CDA15D200A3F79B /* Sources */,
				6C60F46D1CDA15D200A3F79B /* Frameworks */,
				6C60F46E1CDA15D200A3F79B /* Resources */,
			);
			buildRules = (
			);
			dependencies = (
			);
			name = JumpPig;
			productName = JumpPig;
			productReference = 6C60F4701CDA15D200A3F79B /* JumpPig.app */;
			productType = "com.apple.product-type.application";
		};
/* End PBXNativeTarget section */

/* Begin PBXProject section */
		6C60F4681CDA15D200A3F79B /* Project object */ = {
			isa = PBXProject;
			attributes = {
				LastSwiftUpdateCheck = 0730;
				LastUpgradeCheck = 0730;
				ORGANIZATIONNAME = "Oluwaseyi Williams";
				TargetAttributes = {
					6C60F46F1CDA15D200A3F79B = {
						CreatedOnToolsVersion = 7.3;
						DevelopmentTeam = FHY97C3349;
					};
				};
			};
			buildConfigurationList = 6C60F46B1CDA15D200A3F79B /* Build configuration list for PBXProject "JumpPig" */;
			compatibilityVersion = "Xcode 3.2";
			developmentRegion = English;
			hasScannedForEncodings = 0;
			knownRegions = (
				en,
				Base,
			);
			mainGroup = 6C60F4671CDA15D200A3F79B;
			productRefGroup = 6C60F4711CDA15D200A3F79B /* Products */;
			projectDirPath = "";
			projectRoot = "";
			targets = (
				6C60F46F1CDA15D200A3F79B /* JumpPig */,
			);
		};
/* End PBXProject section */

/* Begin PBXResourcesBuildPhase section */
		6C60F46E1CDA15D200A3F79B /* Resources */ = {
			isa = PBXResourcesBuildPhase;
			buildActionMask = 2147483647;
			files = (
				6C60F4761CDA15D200A3F79B /* GameScene.sks in Resources */,
				6C60F4821CDA15D300A3F79B /* LaunchScreen.storyboard in Resources */,
				6C60F47F1CDA15D300A3F79B /* Assets.xcassets in Resources */,
				6C60F47D1CDA15D300A3F79B /* Main.storyboard in Resources */,
			);
			runOnlyForDeploymentPostprocessing = 0;
		};
/* End PBXResourcesBuildPhase section */

/* Begin PBXSourcesBuildPhase section */
		6C60F46C1CDA15D200A3F79B /* Sources */ = {
			isa = PBXSourcesBuildPhase;
			buildActionMask = 2147483647;
			files = (
				6C60F4781CDA15D200A3F79B /* GameScene.swift in Sources */,
				6C60F47A1CDA15D200A3F79B /* GameViewController.swift in Sources */,
				6C60F4741CDA15D200A3F79B /* AppDelegate.swift in Sources */,
			);
			runOnlyForDeploymentPostprocessing = 0;
		};
/* End PBXSourcesBuildPhase section */

/* Begin PBXVariantGroup section */
		6C60F47B1CDA15D300A3F79B /* Main.storyboard */ = {
			isa = PBXVariantGroup;
			children = (
				6C60F47C1CDA15D300A3F79B /* Base */,
			);
			name = Main.storyboard;
			sourceTree = "<group>";
		};
		6C60F4801CDA15D300A3F79B /* LaunchScreen.storyboard */ = {
			isa = PBXVariantGroup;
			children = (
				6C60F4811CDA15D300A3F79B /* Base */,
			);
			name = LaunchScreen.storyboard;
			sourceTree = "<group>";
		};
/* End PBXVariantGroup section */

/* Begin XCBuildConfiguration section */
		6C60F4841CDA15D300A3F79B /* Debug */ = {
			isa = XCBuildConfiguration;
			buildSettings = {
				ALWAYS_SEARCH_USER_PATHS = NO;
				CLANG_ANALYZER_NONNULL = YES;
				CLANG_CXX_LANGUAGE_STANDARD = "gnu++0x";
				CLANG_CXX_LIBRARY = "libc++";
				CLANG_ENABLE_MODULES = YES;
				CLANG_ENABLE_OBJC_ARC = YES;
				CLANG_WARN_BOOL_CONVERSION = YES;
				CLANG_WARN_CONSTANT_CONVERSION = YES;
				CLANG_WARN_DIRECT_OBJC_ISA_USAGE = YES_ERROR;
				CLANG_WARN_EMPTY_BODY = YES;
				CLANG_WARN_ENUM_CONVERSION = YES;
				CLANG_WARN_INT_CONVERSION = YES;
				CLANG_WARN_OBJC_ROOT_CLASS = YES_ERROR;
				CLANG_WARN_UNREACHABLE_CODE = YES;
				CLANG_WARN__DUPLICATE_METHOD_MATCH = YES;
				"CODE_SIGN_IDENTITY[sdk=iphoneos*]" = "iPhone Developer";
				COPY_PHASE_STRIP = NO;
				DEBUG_INFORMATION_FORMAT = "dwarf-with-dsym";
				ENABLE_STRICT_OBJC_MSGSEND = YES;
				ENABLE_TESTABILITY = YES;
				GCC_C_LANGUAGE_STANDARD = gnu99;
				GCC_DYNAMIC_NO_PIC = NO;
				GCC_NO_COMMON_BLOCKS = YES;
				GCC_OPTIMIZATION_LEVEL = 0;
				GCC_PREPROCESSOR_DEFINITIONS = (
					"DEBUG=1",
					"$(inherited)",
				);
				GCC_WARN_64_TO_32_BIT_CONVERSION = YES;
				GCC_WARN_ABOUT_RETURN_TYPE = YES_ERROR;
				GCC_WARN_UNDECLARED_SELECTOR = YES;
				GCC_WARN_UNINITIALIZED_AUTOS = YES_AGGRESSIVE;
				GCC_WARN_UNUSED_FUNCTION = YES;
				GCC_WARN_UNUSED_VARIABLE = YES;
				IPHONEOS_DEPLOYMENT_TARGET = 9.3;
				MTL_ENABLE_DEBUG_INFO = YES;
				ONLY_ACTIVE_ARCH = YES;
				SDKROOT = iphoneos;
				SWIFT_OPTIMIZATION_LEVEL = "-Onone";
			};
			name = Debug;
		};
		6C60F4851CDA15D300A3F79B /* Release */ = {
			isa = XCBuildConfiguration;
			buildSettings = {
				ALWAYS_SEARCH_USER_PATHS = NO;
				CLANG_ANALYZER_NONNULL = YES;
				CLANG_CXX_LANGUAGE_STANDARD = "gnu++0x";
				CLANG_CXX_LIBRARY = "libc++";
				CLANG_ENABLE_MODULES = YES;
				CLANG_ENABLE_OBJC_ARC = YES;
				CLANG_WARN_BOOL_CONVERSION = YES;
				CLANG_WARN_CONSTANT_CONVERSION = YES;
				CLANG_WARN_DIRECT_OBJC_ISA_USAGE = YES_ERROR;
				CLANG_WARN_EMPTY_BODY = YES;
				CLANG_WARN_ENUM_CONVERSION = YES;
				CLANG_WARN_INT_CONVERSION = YES;
				CLANG_WARN_OBJC_ROOT_CLASS = YES_ERROR;
				CLANG_WARN_UNREACHABLE_CODE = YES;
				CLANG_WARN__DUPLICATE_METHOD_MATCH = YES;
				"CODE_SIGN_IDENTITY[sdk=iphoneos*]" = "iPhone Developer";
				COPY_PHASE_STRIP = NO;
				DEBUG_INFORMATION_FORMAT = "dwarf-with-dsym";
				ENABLE_NS_ASSERTIONS = NO;
				ENABLE_STRICT_OBJC_MSGSEND = YES;
				GCC_C_LANGUAGE_STANDARD = gnu99;
				GCC_NO_COMMON_BLOCKS = YES;
				GCC_WARN_64_TO_32_BIT_CONVERSION = YES;
				GCC_WARN_ABOUT_RETURN_TYPE = YES_ERROR;
				GCC_WARN_UNDECLARED_SELECTOR = YES;
				GCC_WARN_UNINITIALIZED_AUTOS = YES_AGGRESSIVE;
				GCC_WARN_UNUSED_FUNCTION = YES;
				GCC_WARN_UNUSED_VARIABLE = YES;
				IPHONEOS_DEPLOYMENT_TARGET = 9.3;
				MTL_ENABLE_DEBUG_INFO = NO;
				SDKROOT = iphoneos;
				VALIDATE_PRODUCT = YES;
			};
			name = Release;
		};
		6C60F4871CDA15D300A3F79B /* Debug */ = {
			isa = XCBuildConfiguration;
			buildSettings = {
				ASSETCATALOG_COMPILER_APPICON_NAME = AppIcon;
				INFOPLIST_FILE = JumpPig/Info.plist;
				LD_RUNPATH_SEARCH_PATHS = "$(inherited) @executable_path/Frameworks";
				PRODUCT_BUNDLE_IDENTIFIER = "com.Oluwaseyi-Williams.JumpPig";
				PRODUCT_NAME = "$(TARGET_NAME)";
			};
			name = Debug;
		};
		6C60F4881CDA15D300A3F79B /* Release */ = {
			isa = XCBuildConfiguration;
			buildSettings = {
				ASSETCATALOG_COMPILER_APPICON_NAME = AppIcon;
				INFOPLIST_FILE = JumpPig/Info.plist;
				LD_RUNPATH_SEARCH_PATHS = "$(inherited) @executable_path/Frameworks";
				PRODUCT_BUNDLE_IDENTIFIER = "com.Oluwaseyi-Williams.JumpPig";
				PRODUCT_NAME = "$(TARGET_NAME)";
			};
			name = Release;
		};
/* End XCBuildConfiguration section */

/* Begin XCConfigurationList section */
		6C60F46B1CDA15D200A3F79B /* Build configuration list for PBXProject "JumpPig" */ = {
			isa = XCConfigurationList;
			buildConfigurations = (
				6C60F4841CDA15D300A3F79B /* Debug */,
				6C60F4851CDA15D300A3F79B /* Release */,
			);
			defaultConfigurationIsVisible = 0;
			defaultConfigurationName = Release;
		};
		6C60F4861CDA15D300A3F79B /* Build configuration list for PBXNativeTarget "JumpPig" */ = {
			isa = XCConfigurationList;
			buildConfigurations = (
				6C60F4871CDA15D300A3F79B /* Debug */,
				6C60F4881CDA15D300A3F79B /* Release */,
			);
			defaultConfigurationIsVisible = 0;
		};
/* End XCConfigurationList section */
	};
	rootObject = 6C60F4681CDA15D200A3F79B /* Project object */;
}
